
Microsoft Visual Studio Solution File, Format Version 12.00
# Visual Studio Version 16
VisualStudioVersion = 16.0.30225.117
MinimumVisualStudioVersion = 10.0.40219.1
Project("{FAE04EC0-301F-11D3-BF4B-00C04F79EFBC}") = "Easy Games", "Easy Games.csproj", "{92BF8EDB-4E46-4477-A928-EA5C183A0640}"
EndProject
Global
	GlobalSection(SolutionConfigurationPlatforms) = preSolution
		Debug|Any CPU = Debug|Any CPU
		Release|Any CPU = Release|Any CPU
	EndGlobalSection
	GlobalSection(ProjectConfigurationPlatforms) = postSolution
		{92BF8EDB-4E46-4477-A928-EA5C183A0640}.Debug|Any CPU.ActiveCfg = Debug|Any CPU
		{92BF8EDB-4E46-4477-A928-EA5C183A0640}.Debug|Any CPU.Build.0 = Debug|Any CPU
		{92BF8EDB-4E46-4477-A928-EA5C183A0640}.Release|Any CPU.ActiveCfg = Release|Any CPU
		{92BF8EDB-4E46-4477-A928-EA5C183A0640}.Release|Any CPU.Build.0 = Release|Any CPU
	EndGlobalSection
	GlobalSection(SolutionProperties) = preSolution
		HideSolutionNode = FALSE
	EndGlobalSection
	GlobalSection(ExtensibilityGlobals) = postSolution
		SolutionGuid = {26E3806A-4E46-4B30-B452-41FE816B70AA}
	EndGlobalSection
EndGlobal
